
Microsoft Visual Studio Solution File, Format Version 12.00
# Visual Studio 15
Project("{FAE04EC0-301F-11D3-BF4B-00C04F79EFBC}") = "SteamAudioUnity", "SteamAudioUnity.csproj", "{A352BD4B-19C6-CA33-5471-CEE36E1A0D78}"
EndProject
Project("{FAE04EC0-301F-11D3-BF4B-00C04F79EFBC}") = "Assembly-CSharp", "Assembly-CSharp.csproj", "{664CD9C5-8DCF-76B4-964A-ADF4CEA15C95}"
EndProject
Project("{FAE04EC0-301F-11D3-BF4B-00C04F79EFBC}") = "SteamAudioUnityEditor", "SteamAudioUnityEditor.csproj", "{19980279-1265-AA66-092A-DAF13DD69FF7}"
EndProject
Global
	GlobalSection(SolutionConfigurationPlatforms) = preSolution
		Debug|Any CPU = Debug|Any CPU
		Release|Any CPU = Release|Any CPU
	EndGlobalSection
	GlobalSection(ProjectConfigurationPlatforms) = postSolution
		{A352BD4B-19C6-CA33-5471-CEE36E1A0D78}.Debug|Any CPU.ActiveCfg = Debug|Any CPU
		{A352BD4B-19C6-CA33-5471-CEE36E1A0D78}.Debug|Any CPU.Build.0 = Debug|Any CPU
		{A352BD4B-19C6-CA33-5471-CEE36E1A0D78}.Release|Any CPU.ActiveCfg = Release|Any CPU
		{A352BD4B-19C6-CA33-5471-CEE36E1A0D78}.Release|Any CPU.Build.0 = Release|Any CPU
		{664CD9C5-8DCF-76B4-964A-ADF4CEA15C95}.Debug|Any CPU.ActiveCfg = Debug|Any CPU
		{664CD9C5-8DCF-76B4-964A-ADF4CEA15C95}.Debug|Any CPU.Build.0 = Debug|Any CPU
		{664CD9C5-8DCF-76B4-964A-ADF4CEA15C95}.Release|Any CPU.ActiveCfg = Release|Any CPU
		{664CD9C5-8DCF-76B4-964A-ADF4CEA15C95}.Release|Any CPU.Build.0 = Release|Any CPU
		{19980279-1265-AA66-092A-DAF13DD69FF7}.Debug|Any CPU.ActiveCfg = Debug|Any CPU
		{19980279-1265-AA66-092A-DAF13DD69FF7}.Debug|Any CPU.Build.0 = Debug|Any CPU
		{19980279-1265-AA66-092A-DAF13DD69FF7}.Release|Any CPU.ActiveCfg = Release|Any CPU
		{19980279-1265-AA66-092A-DAF13DD69FF7}.Release|Any CPU.Build.0 = Release|Any CPU
	EndGlobalSection
	GlobalSection(SolutionProperties) = preSolution
		HideSolutionNode = FALSE
	EndGlobalSection
EndGlobal
